// !$*UTF8*$!
{
	archiveVersion = 1;
	classes = {
	};
	objectVersion = 50;
	objects = {

/* Begin PBXBuildFile section */
		C12B498C22EDFEBB00B3B160 /* AppDelegate.swift in Sources */ = {isa = PBXBuildFile; fileRef = C12B498B22EDFEBB00B3B160 /* AppDelegate.swift */; };
		C12B498E22EDFEBB00B3B160 /* WARequestDataViewController.swift in Sources */ = {isa = PBXBuildFile; fileRef = C12B498D22EDFEBB00B3B160 /* WARequestDataViewController.swift */; };
		C12B499122EDFEBB00B3B160 /* WARequestDataViewController.storyboard in Resources */ = {isa = PBXBuildFile; fileRef = C12B498F22EDFEBB00B3B160 /* WARequestDataViewController.storyboard */; };
		C12B499322EDFEBD00B3B160 /* Assets.xcassets in Resources */ = {isa = PBXBuildFile; fileRef = C12B499222EDFEBD00B3B160 /* Assets.xcassets */; };
		C12B499622EDFEBD00B3B160 /* LaunchScreen.storyboard in Resources */ = {isa = PBXBuildFile; fileRef = C12B499422EDFEBD00B3B160 /* LaunchScreen.storyboard */; };
		C12B49A122EDFEBD00B3B160 /* WeatherAppv2Tests.swift in Sources */ = {isa = PBXBuildFile; fileRef = C12B49A022EDFEBD00B3B160 /* WeatherAppv2Tests.swift */; };
		C12B49AC22EDFEBD00B3B160 /* WeatherAppv2UITests.swift in Sources */ = {isa = PBXBuildFile; fileRef = C12B49AB22EDFEBD00B3B160 /* WeatherAppv2UITests.swift */; };
		C12B49BC22EE049D00B3B160 /*  WARequestDataPresenter.swift in Sources */ = {isa = PBXBuildFile; fileRef = C12B49BB22EE049D00B3B160 /*  WARequestDataPresenter.swift */; };
		C12B49BE22EE05E600B3B160 /* WARequestData.swift in Sources */ = {isa = PBXBuildFile; fileRef = C12B49BD22EE05E600B3B160 /* WARequestData.swift */; };
		C12B49C022EE06B400B3B160 /* Localizable.strings in Resources */ = {isa = PBXBuildFile; fileRef = C12B49BF22EE06B400B3B160 /* Localizable.strings */; };
		C12B49DA22EE151F00B3B160 /* ParameterEncoding.swift in Sources */ = {isa = PBXBuildFile; fileRef = C12B49C322EE151F00B3B160 /* ParameterEncoding.swift */; };
		C12B49DB22EE151F00B3B160 /* URLParameterEncoding.swift in Sources */ = {isa = PBXBuildFile; fileRef = C12B49C422EE151F00B3B160 /* URLParameterEncoding.swift */; };
		C12B49DC22EE151F00B3B160 /* JSONParameterEncoder.swift in Sources */ = {isa = PBXBuildFile; fileRef = C12B49C522EE151F00B3B160 /* JSONParameterEncoder.swift */; };
		C12B49DD22EE151F00B3B160 /* OpenWeatherManager.swift in Sources */ = {isa = PBXBuildFile; fileRef = C12B49C722EE151F00B3B160 /* OpenWeatherManager.swift */; };
		C12B49DE22EE151F00B3B160 /* OpenWeatherEndPoint.swift in Sources */ = {isa = PBXBuildFile; fileRef = C12B49C922EE151F00B3B160 /* OpenWeatherEndPoint.swift */; };
		C12B49DF22EE151F00B3B160 /* Forecast.swift in Sources */ = {isa = PBXBuildFile; fileRef = C12B49CB22EE151F00B3B160 /* Forecast.swift */; };
		C12B49E022EE151F00B3B160 /* Wind.swift in Sources */ = {isa = PBXBuildFile; fileRef = C12B49CC22EE151F00B3B160 /* Wind.swift */; };
		C12B49E122EE151F00B3B160 /* Clouds.swift in Sources */ = {isa = PBXBuildFile; fileRef = C12B49CD22EE151F00B3B160 /* Clouds.swift */; };
		C12B49E222EE151F00B3B160 /* City.swift in Sources */ = {isa = PBXBuildFile; fileRef = C12B49CE22EE151F00B3B160 /* City.swift */; };
		C12B49E322EE151F00B3B160 /* Coordinate.swift in Sources */ = {isa = PBXBuildFile; fileRef = C12B49CF22EE151F00B3B160 /* Coordinate.swift */; };
		C12B49E422EE151F00B3B160 /* Temperature.swift in Sources */ = {isa = PBXBuildFile; fileRef = C12B49D022EE151F00B3B160 /* Temperature.swift */; };
		C12B49E522EE151F00B3B160 /* SevenDaysForecasting.swift in Sources */ = {isa = PBXBuildFile; fileRef = C12B49D122EE151F00B3B160 /* SevenDaysForecasting.swift */; };
		C12B49E622EE151F00B3B160 /* Weather.swift in Sources */ = {isa = PBXBuildFile; fileRef = C12B49D222EE151F00B3B160 /* Weather.swift */; };
		C12B49E722EE151F00B3B160 /* Main.swift in Sources */ = {isa = PBXBuildFile; fileRef = C12B49D322EE151F00B3B160 /* Main.swift */; };
		C12B49E822EE151F00B3B160 /* HTTPTask.swift in Sources */ = {isa = PBXBuildFile; fileRef = C12B49D522EE151F00B3B160 /* HTTPTask.swift */; };
		C12B49E922EE151F00B3B160 /* HttpMethod.swift in Sources */ = {isa = PBXBuildFile; fileRef = C12B49D622EE151F00B3B160 /* HttpMethod.swift */; };
		C12B49EA22EE151F00B3B160 /* Router.swift in Sources */ = {isa = PBXBuildFile; fileRef = C12B49D722EE151F00B3B160 /* Router.swift */; };
		C12B49EB22EE151F00B3B160 /* NetworkLogger.swift in Sources */ = {isa = PBXBuildFile; fileRef = C12B49D822EE151F00B3B160 /* NetworkLogger.swift */; };
		C12B49EC22EE151F00B3B160 /* EndPointType.swift in Sources */ = {isa = PBXBuildFile; fileRef = C12B49D922EE151F00B3B160 /* EndPointType.swift */; };
		C12B49EF22EE164C00B3B160 /* Constants.swift in Sources */ = {isa = PBXBuildFile; fileRef = C12B49EE22EE164C00B3B160 /* Constants.swift */; };
		C12B49F122EE267E00B3B160 /* Current.swift in Sources */ = {isa = PBXBuildFile; fileRef = C12B49F022EE267E00B3B160 /* Current.swift */; };
		C12B49F322EE276300B3B160 /* SystemModel.swift in Sources */ = {isa = PBXBuildFile; fileRef = C12B49F222EE276300B3B160 /* SystemModel.swift */; };
		C12B49F522EE2DE700B3B160 /* MainCurrent.swift in Sources */ = {isa = PBXBuildFile; fileRef = C12B49F422EE2DE700B3B160 /* MainCurrent.swift */; };
		C12B49F822EE35C100B3B160 /* WAShowDataViewController.swift in Sources */ = {isa = PBXBuildFile; fileRef = C12B49F722EE35C100B3B160 /* WAShowDataViewController.swift */; };
		C12B49FA22EE35D400B3B160 /* WAShowDataPresenter.swift in Sources */ = {isa = PBXBuildFile; fileRef = C12B49F922EE35D400B3B160 /* WAShowDataPresenter.swift */; };
		C12B49FC22EE35E400B3B160 /* WAShowData.swift in Sources */ = {isa = PBXBuildFile; fileRef = C12B49FB22EE35E400B3B160 /* WAShowData.swift */; };
		C12B49FE22EE35FC00B3B160 /* WAShowData.storyboard in Resources */ = {isa = PBXBuildFile; fileRef = C12B49FD22EE35FC00B3B160 /* WAShowData.storyboard */; };
/* End PBXBuildFile section */

/* Begin PBXContainerItemProxy section */
		C12B499D22EDFEBD00B3B160 /* PBXContainerItemProxy */ = {
			isa = PBXContainerItemProxy;
			containerPortal = C12B498022EDFEBB00B3B160 /* Project object */;
			proxyType = 1;
			remoteGlobalIDString = C12B498722EDFEBB00B3B160;
			remoteInfo = WeatherAppv2;
		};
		C12B49A822EDFEBD00B3B160 /* PBXContainerItemProxy */ = {
			isa = PBXContainerItemProxy;
			containerPortal = C12B498022EDFEBB00B3B160 /* Project object */;
			proxyType = 1;
			remoteGlobalIDString = C12B498722EDFEBB00B3B160;
			remoteInfo = WeatherAppv2;
		};
/* End PBXContainerItemProxy section */

/* Begin PBXFileReference section */
		C12B498822EDFEBB00B3B160 /* WeatherAppv2.app */ = {isa = PBXFileReference; explicitFileType = wrapper.application; includeInIndex = 0; path = WeatherAppv2.app; sourceTree = BUILT_PRODUCTS_DIR; };
		C12B498B22EDFEBB00B3B160 /* AppDelegate.swift */ = {isa = PBXFileReference; lastKnownFileType = sourcecode.swift; path = AppDelegate.swift; sourceTree = "<group>"; };
		C12B498D22EDFEBB00B3B160 /* WARequestDataViewController.swift */ = {isa = PBXFileReference; lastKnownFileType = sourcecode.swift; path = WARequestDataViewController.swift; sourceTree = "<group>"; };
		C12B499022EDFEBB00B3B160 /* Base */ = {isa = PBXFileReference; lastKnownFileType = file.storyboard; name = Base; path = Base.lproj/WARequestDataViewController.storyboard; sourceTree = "<group>"; };
		C12B499222EDFEBD00B3B160 /* Assets.xcassets */ = {isa = PBXFileReference; lastKnownFileType = folder.assetcatalog; path = Assets.xcassets; sourceTree = "<group>"; };
		C12B499522EDFEBD00B3B160 /* Base */ = {isa = PBXFileReference; lastKnownFileType = file.storyboard; name = Base; path = Base.lproj/LaunchScreen.storyboard; sourceTree = "<group>"; };
		C12B499722EDFEBD00B3B160 /* Info.plist */ = {isa = PBXFileReference; lastKnownFileType = text.plist.xml; path = Info.plist; sourceTree = "<group>"; };
		C12B499C22EDFEBD00B3B160 /* WeatherAppv2Tests.xctest */ = {isa = PBXFileReference; explicitFileType = wrapper.cfbundle; includeInIndex = 0; path = WeatherAppv2Tests.xctest; sourceTree = BUILT_PRODUCTS_DIR; };
		C12B49A022EDFEBD00B3B160 /* WeatherAppv2Tests.swift */ = {isa = PBXFileReference; lastKnownFileType = sourcecode.swift; path = WeatherAppv2Tests.swift; sourceTree = "<group>"; };
		C12B49A222EDFEBD00B3B160 /* Info.plist */ = {isa = PBXFileReference; lastKnownFileType = text.plist.xml; path = Info.plist; sourceTree = "<group>"; };
		C12B49A722EDFEBD00B3B160 /* WeatherAppv2UITests.xctest */ = {isa = PBXFileReference; explicitFileType = wrapper.cfbundle; includeInIndex = 0; path = WeatherAppv2UITests.xctest; sourceTree = BUILT_PRODUCTS_DIR; };
		C12B49AB22EDFEBD00B3B160 /* WeatherAppv2UITests.swift */ = {isa = PBXFileReference; lastKnownFileType = sourcecode.swift; path = WeatherAppv2UITests.swift; sourceTree = "<group>"; };
		C12B49AD22EDFEBD00B3B160 /* Info.plist */ = {isa = PBXFileReference; lastKnownFileType = text.plist.xml; path = Info.plist; sourceTree = "<group>"; };
		C12B49BB22EE049D00B3B160 /*  WARequestDataPresenter.swift */ = {isa = PBXFileReference; lastKnownFileType = sourcecode.swift; path = " WARequestDataPresenter.swift"; sourceTree = "<group>"; };
		C12B49BD22EE05E600B3B160 /* WARequestData.swift */ = {isa = PBXFileReference; lastKnownFileType = sourcecode.swift; path = WARequestData.swift; sourceTree = "<group>"; };
		C12B49BF22EE06B400B3B160 /* Localizable.strings */ = {isa = PBXFileReference; lastKnownFileType = text.plist.strings; path = Localizable.strings; sourceTree = "<group>"; };
		C12B49C322EE151F00B3B160 /* ParameterEncoding.swift */ = {isa = PBXFileReference; fileEncoding = 4; lastKnownFileType = sourcecode.swift; path = ParameterEncoding.swift; sourceTree = "<group>"; };
		C12B49C422EE151F00B3B160 /* URLParameterEncoding.swift */ = {isa = PBXFileReference; fileEncoding = 4; lastKnownFileType = sourcecode.swift; path = URLParameterEncoding.swift; sourceTree = "<group>"; };
		C12B49C522EE151F00B3B160 /* JSONParameterEncoder.swift */ = {isa = PBXFileReference; fileEncoding = 4; lastKnownFileType = sourcecode.swift; path = JSONParameterEncoder.swift; sourceTree = "<group>"; };
		C12B49C722EE151F00B3B160 /* OpenWeatherManager.swift */ = {isa = PBXFileReference; fileEncoding = 4; lastKnownFileType = sourcecode.swift; path = OpenWeatherManager.swift; sourceTree = "<group>"; };
		C12B49C922EE151F00B3B160 /* OpenWeatherEndPoint.swift */ = {isa = PBXFileReference; fileEncoding = 4; lastKnownFileType = sourcecode.swift; path = OpenWeatherEndPoint.swift; sourceTree = "<group>"; };
		C12B49CB22EE151F00B3B160 /* Forecast.swift */ = {isa = PBXFileReference; fileEncoding = 4; lastKnownFileType = sourcecode.swift; path = Forecast.swift; sourceTree = "<group>"; };
		C12B49CC22EE151F00B3B160 /* Wind.swift */ = {isa = PBXFileReference; fileEncoding = 4; lastKnownFileType = sourcecode.swift; path = Wind.swift; sourceTree = "<group>"; };
		C12B49CD22EE151F00B3B160 /* Clouds.swift */ = {isa = PBXFileReference; fileEncoding = 4; lastKnownFileType = sourcecode.swift; path = Clouds.swift; sourceTree = "<group>"; };
		C12B49CE22EE151F00B3B160 /* City.swift */ = {isa = PBXFileReference; fileEncoding = 4; lastKnownFileType = sourcecode.swift; path = City.swift; sourceTree = "<group>"; };
		C12B49CF22EE151F00B3B160 /* Coordinate.swift */ = {isa = PBXFileReference; fileEncoding = 4; lastKnownFileType = sourcecode.swift; path = Coordinate.swift; sourceTree = "<group>"; };
		C12B49D022EE151F00B3B160 /* Temperature.swift */ = {isa = PBXFileReference; fileEncoding = 4; lastKnownFileType = sourcecode.swift; path = Temperature.swift; sourceTree = "<group>"; };
		C12B49D122EE151F00B3B160 /* SevenDaysForecasting.swift */ = {isa = PBXFileReference; fileEncoding = 4; lastKnownFileType = sourcecode.swift; path = SevenDaysForecasting.swift; sourceTree = "<group>"; };
		C12B49D222EE151F00B3B160 /* Weather.swift */ = {isa = PBXFileReference; fileEncoding = 4; lastKnownFileType = sourcecode.swift; path = Weather.swift; sourceTree = "<group>"; };
		C12B49D322EE151F00B3B160 /* Main.swift */ = {isa = PBXFileReference; fileEncoding = 4; lastKnownFileType = sourcecode.swift; path = Main.swift; sourceTree = "<group>"; };
		C12B49D522EE151F00B3B160 /* HTTPTask.swift */ = {isa = PBXFileReference; fileEncoding = 4; lastKnownFileType = sourcecode.swift; path = HTTPTask.swift; sourceTree = "<group>"; };
		C12B49D622EE151F00B3B160 /* HttpMethod.swift */ = {isa = PBXFileReference; fileEncoding = 4; lastKnownFileType = sourcecode.swift; path = HttpMethod.swift; sourceTree = "<group>"; };
		C12B49D722EE151F00B3B160 /* Router.swift */ = {isa = PBXFileReference; fileEncoding = 4; lastKnownFileType = sourcecode.swift; path = Router.swift; sourceTree = "<group>"; };
		C12B49D822EE151F00B3B160 /* NetworkLogger.swift */ = {isa = PBXFileReference; fileEncoding = 4; lastKnownFileType = sourcecode.swift; path = NetworkLogger.swift; sourceTree = "<group>"; };
		C12B49D922EE151F00B3B160 /* EndPointType.swift */ = {isa = PBXFileReference; fileEncoding = 4; lastKnownFileType = sourcecode.swift; path = EndPointType.swift; sourceTree = "<group>"; };
		C12B49EE22EE164C00B3B160 /* Constants.swift */ = {isa = PBXFileReference; lastKnownFileType = sourcecode.swift; path = Constants.swift; sourceTree = "<group>"; };
		C12B49F022EE267E00B3B160 /* Current.swift */ = {isa = PBXFileReference; lastKnownFileType = sourcecode.swift; path = Current.swift; sourceTree = "<group>"; };
		C12B49F222EE276300B3B160 /* SystemModel.swift */ = {isa = PBXFileReference; lastKnownFileType = sourcecode.swift; path = SystemModel.swift; sourceTree = "<group>"; };
		C12B49F422EE2DE700B3B160 /* MainCurrent.swift */ = {isa = PBXFileReference; lastKnownFileType = sourcecode.swift; path = MainCurrent.swift; sourceTree = "<group>"; };
		C12B49F722EE35C100B3B160 /* WAShowDataViewController.swift */ = {isa = PBXFileReference; lastKnownFileType = sourcecode.swift; path = WAShowDataViewController.swift; sourceTree = "<group>"; };
		C12B49F922EE35D400B3B160 /* WAShowDataPresenter.swift */ = {isa = PBXFileReference; lastKnownFileType = sourcecode.swift; path = WAShowDataPresenter.swift; sourceTree = "<group>"; };
		C12B49FB22EE35E400B3B160 /* WAShowData.swift */ = {isa = PBXFileReference; lastKnownFileType = sourcecode.swift; path = WAShowData.swift; sourceTree = "<group>"; };
		C12B49FD22EE35FC00B3B160 /* WAShowData.storyboard */ = {isa = PBXFileReference; lastKnownFileType = file.storyboard; path = WAShowData.storyboard; sourceTree = "<group>"; };
/* End PBXFileReference section */

/* Begin PBXFrameworksBuildPhase section */
		C12B498522EDFEBB00B3B160 /* Frameworks */ = {
			isa = PBXFrameworksBuildPhase;
			buildActionMask = 2147483647;
			files = (
			);
			runOnlyForDeploymentPostprocessing = 0;
		};
		C12B499922EDFEBD00B3B160 /* Frameworks */ = {
			isa = PBXFrameworksBuildPhase;
			buildActionMask = 2147483647;
			files = (
			);
			runOnlyForDeploymentPostprocessing = 0;
		};
		C12B49A422EDFEBD00B3B160 /* Frameworks */ = {
			isa = PBXFrameworksBuildPhase;
			buildActionMask = 2147483647;
			files = (
			);
			runOnlyForDeploymentPostprocessing = 0;
		};
/* End PBXFrameworksBuildPhase section */

/* Begin PBXGroup section */
		C12B497F22EDFEBB00B3B160 = {
			isa = PBXGroup;
			children = (
				C12B498A22EDFEBB00B3B160 /* WeatherAppv2 */,
				C12B499F22EDFEBD00B3B160 /* WeatherAppv2Tests */,
				C12B49AA22EDFEBD00B3B160 /* WeatherAppv2UITests */,
				C12B498922EDFEBB00B3B160 /* Products */,
			);
			sourceTree = "<group>";
		};
		C12B498922EDFEBB00B3B160 /* Products */ = {
			isa = PBXGroup;
			children = (
				C12B498822EDFEBB00B3B160 /* WeatherAppv2.app */,
				C12B499C22EDFEBD00B3B160 /* WeatherAppv2Tests.xctest */,
				C12B49A722EDFEBD00B3B160 /* WeatherAppv2UITests.xctest */,
			);
			name = Products;
			sourceTree = "<group>";
		};
		C12B498A22EDFEBB00B3B160 /* WeatherAppv2 */ = {
			isa = PBXGroup;
			children = (
				C12B49ED22EE15CF00B3B160 /* Constants */,
				C12B49B922EDFF9000B3B160 /* Scenes */,
				C12B49C122EE151F00B3B160 /* Networking */,
				C12B498B22EDFEBB00B3B160 /* AppDelegate.swift */,
				C12B499222EDFEBD00B3B160 /* Assets.xcassets */,
				C12B499422EDFEBD00B3B160 /* LaunchScreen.storyboard */,
				C12B499722EDFEBD00B3B160 /* Info.plist */,
			);
			path = WeatherAppv2;
			sourceTree = "<group>";
		};
		C12B499F22EDFEBD00B3B160 /* WeatherAppv2Tests */ = {
			isa = PBXGroup;
			children = (
				C12B49A022EDFEBD00B3B160 /* WeatherAppv2Tests.swift */,
				C12B49A222EDFEBD00B3B160 /* Info.plist */,
			);
			path = WeatherAppv2Tests;
			sourceTree = "<group>";
		};
		C12B49AA22EDFEBD00B3B160 /* WeatherAppv2UITests */ = {
			isa = PBXGroup;
			children = (
				C12B49AB22EDFEBD00B3B160 /* WeatherAppv2UITests.swift */,
				C12B49AD22EDFEBD00B3B160 /* Info.plist */,
			);
			path = WeatherAppv2UITests;
			sourceTree = "<group>";
		};
		C12B49B922EDFF9000B3B160 /* Scenes */ = {
			isa = PBXGroup;
			children = (
				C12B49F622EE357B00B3B160 /* WAShowDataViewController */,
				C12B49BA22EDFF9800B3B160 /* WARequestDataViewController */,
				C12B49BF22EE06B400B3B160 /* Localizable.strings */,
			);
			path = Scenes;
			sourceTree = "<group>";
		};
		C12B49BA22EDFF9800B3B160 /* WARequestDataViewController */ = {
			isa = PBXGroup;
			children = (
				C12B498F22EDFEBB00B3B160 /* WARequestDataViewController.storyboard */,
				C12B498D22EDFEBB00B3B160 /* WARequestDataViewController.swift */,
				C12B49BB22EE049D00B3B160 /*  WARequestDataPresenter.swift */,
				C12B49BD22EE05E600B3B160 /* WARequestData.swift */,
			);
			path = WARequestDataViewController;
			sourceTree = "<group>";
		};
		C12B49C122EE151F00B3B160 /* Networking */ = {
			isa = PBXGroup;
			children = (
				C12B49C222EE151F00B3B160 /* Encoding */,
				C12B49C622EE151F00B3B160 /* Manager */,
				C12B49C822EE151F00B3B160 /* EndPoint */,
				C12B49CA22EE151F00B3B160 /* Model */,
				C12B49D422EE151F00B3B160 /* Service */,
			);
			path = Networking;
			sourceTree = "<group>";
		};
		C12B49C222EE151F00B3B160 /* Encoding */ = {
			isa = PBXGroup;
			children = (
				C12B49C322EE151F00B3B160 /* ParameterEncoding.swift */,
				C12B49C422EE151F00B3B160 /* URLParameterEncoding.swift */,
				C12B49C522EE151F00B3B160 /* JSONParameterEncoder.swift */,
			);
			path = Encoding;
			sourceTree = "<group>";
		};
		C12B49C622EE151F00B3B160 /* Manager */ = {
			isa = PBXGroup;
			children = (
				C12B49C722EE151F00B3B160 /* OpenWeatherManager.swift */,
			);
			path = Manager;
			sourceTree = "<group>";
		};
		C12B49C822EE151F00B3B160 /* EndPoint */ = {
			isa = PBXGroup;
			children = (
				C12B49C922EE151F00B3B160 /* OpenWeatherEndPoint.swift */,
			);
			path = EndPoint;
			sourceTree = "<group>";
		};
		C12B49CA22EE151F00B3B160 /* Model */ = {
			isa = PBXGroup;
			children = (
				C12B49CB22EE151F00B3B160 /* Forecast.swift */,
				C12B49CC22EE151F00B3B160 /* Wind.swift */,
				C12B49CD22EE151F00B3B160 /* Clouds.swift */,
				C12B49CE22EE151F00B3B160 /* City.swift */,
				C12B49CF22EE151F00B3B160 /* Coordinate.swift */,
				C12B49D022EE151F00B3B160 /* Temperature.swift */,
				C12B49D122EE151F00B3B160 /* SevenDaysForecasting.swift */,
				C12B49D222EE151F00B3B160 /* Weather.swift */,
				C12B49D322EE151F00B3B160 /* Main.swift */,
				C12B49F022EE267E00B3B160 /* Current.swift */,
				C12B49F222EE276300B3B160 /* SystemModel.swift */,
				C12B49F422EE2DE700B3B160 /* MainCurrent.swift */,
			);
			path = Model;
			sourceTree = "<group>";
		};
		C12B49D422EE151F00B3B160 /* Service */ = {
			isa = PBXGroup;
			children = (
				C12B49D522EE151F00B3B160 /* HTTPTask.swift */,
				C12B49D622EE151F00B3B160 /* HttpMethod.swift */,
				C12B49D722EE151F00B3B160 /* Router.swift */,
				C12B49D822EE151F00B3B160 /* NetworkLogger.swift */,
				C12B49D922EE151F00B3B160 /* EndPointType.swift */,
			);
			path = Service;
			sourceTree = "<group>";
		};
		C12B49ED22EE15CF00B3B160 /* Constants */ = {
			isa = PBXGroup;
			children = (
				C12B49EE22EE164C00B3B160 /* Constants.swift */,
			);
			path = Constants;
			sourceTree = "<group>";
		};
		C12B49F622EE357B00B3B160 /* WAShowDataViewController */ = {
			isa = PBXGroup;
			children = (
				C12B49F722EE35C100B3B160 /* WAShowDataViewController.swift */,
				C12B49F922EE35D400B3B160 /* WAShowDataPresenter.swift */,
				C12B49FB22EE35E400B3B160 /* WAShowData.swift */,
				C12B49FD22EE35FC00B3B160 /* WAShowData.storyboard */,
			);
			path = WAShowDataViewController;
			sourceTree = "<group>";
		};
/* End PBXGroup section */

/* Begin PBXNativeTarget section */
		C12B498722EDFEBB00B3B160 /* WeatherAppv2 */ = {
			isa = PBXNativeTarget;
			buildConfigurationList = C12B49B022EDFEBD00B3B160 /* Build configuration list for PBXNativeTarget "WeatherAppv2" */;
			buildPhases = (
				C12B498422EDFEBB00B3B160 /* Sources */,
				C12B498522EDFEBB00B3B160 /* Frameworks */,
				C12B498622EDFEBB00B3B160 /* Resources */,
			);
			buildRules = (
			);
			dependencies = (
			);
			name = WeatherAppv2;
			productName = WeatherAppv2;
			productReference = C12B498822EDFEBB00B3B160 /* WeatherAppv2.app */;
			productType = "com.apple.product-type.application";
		};
		C12B499B22EDFEBD00B3B160 /* WeatherAppv2Tests */ = {
			isa = PBXNativeTarget;
			buildConfigurationList = C12B49B322EDFEBD00B3B160 /* Build configuration list for PBXNativeTarget "WeatherAppv2Tests" */;
			buildPhases = (
				C12B499822EDFEBD00B3B160 /* Sources */,
				C12B499922EDFEBD00B3B160 /* Frameworks */,
				C12B499A22EDFEBD00B3B160 /* Resources */,
			);
			buildRules = (
			);
			dependencies = (
				C12B499E22EDFEBD00B3B160 /* PBXTargetDependency */,
			);
			name = WeatherAppv2Tests;
			productName = WeatherAppv2Tests;
			productReference = C12B499C22EDFEBD00B3B160 /* WeatherAppv2Tests.xctest */;
			productType = "com.apple.product-type.bundle.unit-test";
		};
		C12B49A622EDFEBD00B3B160 /* WeatherAppv2UITests */ = {
			isa = PBXNativeTarget;
			buildConfigurationList = C12B49B622EDFEBD00B3B160 /* Build configuration list for PBXNativeTarget "WeatherAppv2UITests" */;
			buildPhases = (
				C12B49A322EDFEBD00B3B160 /* Sources */,
				C12B49A422EDFEBD00B3B160 /* Frameworks */,
				C12B49A522EDFEBD00B3B160 /* Resources */,
			);
			buildRules = (
			);
			dependencies = (
				C12B49A922EDFEBD00B3B160 /* PBXTargetDependency */,
			);
			name = WeatherAppv2UITests;
			productName = WeatherAppv2UITests;
			productReference = C12B49A722EDFEBD00B3B160 /* WeatherAppv2UITests.xctest */;
			productType = "com.apple.product-type.bundle.ui-testing";
		};
/* End PBXNativeTarget section */

/* Begin PBXProject section */
		C12B498022EDFEBB00B3B160 /* Project object */ = {
			isa = PBXProject;
			attributes = {
				LastSwiftUpdateCheck = 1030;
				LastUpgradeCheck = 1030;
				ORGANIZATIONNAME = "Alejandro Fernández Ruiz";
				TargetAttributes = {
					C12B498722EDFEBB00B3B160 = {
						CreatedOnToolsVersion = 10.3;
					};
					C12B499B22EDFEBD00B3B160 = {
						CreatedOnToolsVersion = 10.3;
						TestTargetID = C12B498722EDFEBB00B3B160;
					};
					C12B49A622EDFEBD00B3B160 = {
						CreatedOnToolsVersion = 10.3;
						TestTargetID = C12B498722EDFEBB00B3B160;
					};
				};
			};
			buildConfigurationList = C12B498322EDFEBB00B3B160 /* Build configuration list for PBXProject "WeatherAppv2" */;
			compatibilityVersion = "Xcode 9.3";
			developmentRegion = en;
			hasScannedForEncodings = 0;
			knownRegions = (
				en,
				Base,
			);
			mainGroup = C12B497F22EDFEBB00B3B160;
			productRefGroup = C12B498922EDFEBB00B3B160 /* Products */;
			projectDirPath = "";
			projectRoot = "";
			targets = (
				C12B498722EDFEBB00B3B160 /* WeatherAppv2 */,
				C12B499B22EDFEBD00B3B160 /* WeatherAppv2Tests */,
				C12B49A622EDFEBD00B3B160 /* WeatherAppv2UITests */,
			);
		};
/* End PBXProject section */

/* Begin PBXResourcesBuildPhase section */
		C12B498622EDFEBB00B3B160 /* Resources */ = {
			isa = PBXResourcesBuildPhase;
			buildActionMask = 2147483647;
			files = (
				C12B499622EDFEBD00B3B160 /* LaunchScreen.storyboard in Resources */,
				C12B49FE22EE35FC00B3B160 /* WAShowData.storyboard in Resources */,
				C12B49C022EE06B400B3B160 /* Localizable.strings in Resources */,
				C12B499322EDFEBD00B3B160 /* Assets.xcassets in Resources */,
				C12B499122EDFEBB00B3B160 /* WARequestDataViewController.storyboard in Resources */,
			);
			runOnlyForDeploymentPostprocessing = 0;
		};
		C12B499A22EDFEBD00B3B160 /* Resources */ = {
			isa = PBXResourcesBuildPhase;
			buildActionMask = 2147483647;
			files = (
			);
			runOnlyForDeploymentPostprocessing = 0;
		};
		C12B49A522EDFEBD00B3B160 /* Resources */ = {
			isa = PBXResourcesBuildPhase;
			buildActionMask = 2147483647;
			files = (
			);
			runOnlyForDeploymentPostprocessing = 0;
		};
/* End PBXResourcesBuildPhase section */

/* Begin PBXSourcesBuildPhase section */
		C12B498422EDFEBB00B3B160 /* Sources */ = {
			isa = PBXSourcesBuildPhase;
			buildActionMask = 2147483647;
			files = (
				C12B49E722EE151F00B3B160 /* Main.swift in Sources */,
				C12B49DD22EE151F00B3B160 /* OpenWeatherManager.swift in Sources */,
				C12B49E622EE151F00B3B160 /* Weather.swift in Sources */,
				C12B498E22EDFEBB00B3B160 /* WARequestDataViewController.swift in Sources */,
				C12B49F322EE276300B3B160 /* SystemModel.swift in Sources */,
				C12B49BE22EE05E600B3B160 /* WARequestData.swift in Sources */,
				C12B49DA22EE151F00B3B160 /* ParameterEncoding.swift in Sources */,
				C12B49FA22EE35D400B3B160 /* WAShowDataPresenter.swift in Sources */,
				C12B49F522EE2DE700B3B160 /* MainCurrent.swift in Sources */,
				C12B49E822EE151F00B3B160 /* HTTPTask.swift in Sources */,
				C12B49FC22EE35E400B3B160 /* WAShowData.swift in Sources */,
				C12B49E022EE151F00B3B160 /* Wind.swift in Sources */,
				C12B49DF22EE151F00B3B160 /* Forecast.swift in Sources */,
				C12B49BC22EE049D00B3B160 /*  WARequestDataPresenter.swift in Sources */,
				C12B49EB22EE151F00B3B160 /* NetworkLogger.swift in Sources */,
				C12B49EA22EE151F00B3B160 /* Router.swift in Sources */,
				C12B49E322EE151F00B3B160 /* Coordinate.swift in Sources */,
				C12B49F822EE35C100B3B160 /* WAShowDataViewController.swift in Sources */,
				C12B49E422EE151F00B3B160 /* Temperature.swift in Sources */,
				C12B49E922EE151F00B3B160 /* HttpMethod.swift in Sources */,
				C12B49DB22EE151F00B3B160 /* URLParameterEncoding.swift in Sources */,
				C12B49F122EE267E00B3B160 /* Current.swift in Sources */,
				C12B49DC22EE151F00B3B160 /* JSONParameterEncoder.swift in Sources */,
				C12B49E122EE151F00B3B160 /* Clouds.swift in Sources */,
				C12B49E522EE151F00B3B160 /* SevenDaysForecasting.swift in Sources */,
				C12B498C22EDFEBB00B3B160 /* AppDelegate.swift in Sources */,
				C12B49E222EE151F00B3B160 /* City.swift in Sources */,
				C12B49EC22EE151F00B3B160 /* EndPointType.swift in Sources */,
				C12B49DE22EE151F00B3B160 /* OpenWeatherEndPoint.swift in Sources */,
				C12B49EF22EE164C00B3B160 /* Constants.swift in Sources */,
			);
			runOnlyForDeploymentPostprocessing = 0;
		};
		C12B499822EDFEBD00B3B160 /* Sources */ = {
			isa = PBXSourcesBuildPhase;
			buildActionMask = 2147483647;
			files = (
				C12B49A122EDFEBD00B3B160 /* WeatherAppv2Tests.swift in Sources */,
			);
			runOnlyForDeploymentPostprocessing = 0;
		};
		C12B49A322EDFEBD00B3B160 /* Sources */ = {
			isa = PBXSourcesBuildPhase;
			buildActionMask = 2147483647;
			files = (
				C12B49AC22EDFEBD00B3B160 /* WeatherAppv2UITests.swift in Sources */,
			);
			runOnlyForDeploymentPostprocessing = 0;
		};
/* End PBXSourcesBuildPhase section */

/* Begin PBXTargetDependency section */
		C12B499E22EDFEBD00B3B160 /* PBXTargetDependency */ = {
			isa = PBXTargetDependency;
			target = C12B498722EDFEBB00B3B160 /* WeatherAppv2 */;
			targetProxy = C12B499D22EDFEBD00B3B160 /* PBXContainerItemProxy */;
		};
		C12B49A922EDFEBD00B3B160 /* PBXTargetDependency */ = {
			isa = PBXTargetDependency;
			target = C12B498722EDFEBB00B3B160 /* WeatherAppv2 */;
			targetProxy = C12B49A822EDFEBD00B3B160 /* PBXContainerItemProxy */;
		};
/* End PBXTargetDependency section */

/* Begin PBXVariantGroup section */
		C12B498F22EDFEBB00B3B160 /* WARequestDataViewController.storyboard */ = {
			isa = PBXVariantGroup;
			children = (
				C12B499022EDFEBB00B3B160 /* Base */,
			);
			name = WARequestDataViewController.storyboard;
			sourceTree = "<group>";
		};
		C12B499422EDFEBD00B3B160 /* LaunchScreen.storyboard */ = {
			isa = PBXVariantGroup;
			children = (
				C12B499522EDFEBD00B3B160 /* Base */,
			);
			name = LaunchScreen.storyboard;
			sourceTree = "<group>";
		};
/* End PBXVariantGroup section */

/* Begin XCBuildConfiguration section */
		C12B49AE22EDFEBD00B3B160 /* Debug */ = {
			isa = XCBuildConfiguration;
			buildSettings = {
				ALWAYS_SEARCH_USER_PATHS = NO;
				CLANG_ANALYZER_NONNULL = YES;
				CLANG_ANALYZER_NUMBER_OBJECT_CONVERSION = YES_AGGRESSIVE;
				CLANG_CXX_LANGUAGE_STANDARD = "gnu++14";
				CLANG_CXX_LIBRARY = "libc++";
				CLANG_ENABLE_MODULES = YES;
				CLANG_ENABLE_OBJC_ARC = YES;
				CLANG_ENABLE_OBJC_WEAK = YES;
				CLANG_WARN_BLOCK_CAPTURE_AUTORELEASING = YES;
				CLANG_WARN_BOOL_CONVERSION = YES;
				CLANG_WARN_COMMA = YES;
				CLANG_WARN_CONSTANT_CONVERSION = YES;
				CLANG_WARN_DEPRECATED_OBJC_IMPLEMENTATIONS = YES;
				CLANG_WARN_DIRECT_OBJC_ISA_USAGE = YES_ERROR;
				CLANG_WARN_DOCUMENTATION_COMMENTS = YES;
				CLANG_WARN_EMPTY_BODY = YES;
				CLANG_WARN_ENUM_CONVERSION = YES;
				CLANG_WARN_INFINITE_RECURSION = YES;
				CLANG_WARN_INT_CONVERSION = YES;
				CLANG_WARN_NON_LITERAL_NULL_CONVERSION = YES;
				CLANG_WARN_OBJC_IMPLICIT_RETAIN_SELF = YES;
				CLANG_WARN_OBJC_LITERAL_CONVERSION = YES;
				CLANG_WARN_OBJC_ROOT_CLASS = YES_ERROR;
				CLANG_WARN_RANGE_LOOP_ANALYSIS = YES;
				CLANG_WARN_STRICT_PROTOTYPES = YES;
				CLANG_WARN_SUSPICIOUS_MOVE = YES;
				CLANG_WARN_UNGUARDED_AVAILABILITY = YES_AGGRESSIVE;
				CLANG_WARN_UNREACHABLE_CODE = YES;
				CLANG_WARN__DUPLICATE_METHOD_MATCH = YES;
				CODE_SIGN_IDENTITY = "iPhone Developer";
				COPY_PHASE_STRIP = NO;
				DEBUG_INFORMATION_FORMAT = dwarf;
				ENABLE_STRICT_OBJC_MSGSEND = YES;
				ENABLE_TESTABILITY = YES;
				GCC_C_LANGUAGE_STANDARD = gnu11;
				GCC_DYNAMIC_NO_PIC = NO;
				GCC_NO_COMMON_BLOCKS = YES;
				GCC_OPTIMIZATION_LEVEL = 0;
				GCC_PREPROCESSOR_DEFINITIONS = (
					"DEBUG=1",
					"$(inherited)",
				);
				GCC_WARN_64_TO_32_BIT_CONVERSION = YES;
				GCC_WARN_ABOUT_RETURN_TYPE = YES_ERROR;
				GCC_WARN_UNDECLARED_SELECTOR = YES;
				GCC_WARN_UNINITIALIZED_AUTOS = YES_AGGRESSIVE;
				GCC_WARN_UNUSED_FUNCTION = YES;
				GCC_WARN_UNUSED_VARIABLE = YES;
				IPHONEOS_DEPLOYMENT_TARGET = 12.4;
				MTL_ENABLE_DEBUG_INFO = INCLUDE_SOURCE;
				MTL_FAST_MATH = YES;
				ONLY_ACTIVE_ARCH = YES;
				SDKROOT = iphoneos;
				SWIFT_ACTIVE_COMPILATION_CONDITIONS = DEBUG;
				SWIFT_OPTIMIZATION_LEVEL = "-Onone";
			};
			name = Debug;
		};
		C12B49AF22EDFEBD00B3B160 /* Release */ = {
			isa = XCBuildConfiguration;
			buildSettings = {
				ALWAYS_SEARCH_USER_PATHS = NO;
				CLANG_ANALYZER_NONNULL = YES;
				CLANG_ANALYZER_NUMBER_OBJECT_CONVERSION = YES_AGGRESSIVE;
				CLANG_CXX_LANGUAGE_STANDARD = "gnu++14";
				CLANG_CXX_LIBRARY = "libc++";
				CLANG_ENABLE_MODULES = YES;
				CLANG_ENABLE_OBJC_ARC = YES;
				CLANG_ENABLE_OBJC_WEAK = YES;
				CLANG_WARN_BLOCK_CAPTURE_AUTORELEASING = YES;
				CLANG_WARN_BOOL_CONVERSION = YES;
				CLANG_WARN_COMMA = YES;
				CLANG_WARN_CONSTANT_CONVERSION = YES;
				CLANG_WARN_DEPRECATED_OBJC_IMPLEMENTATIONS = YES;
				CLANG_WARN_DIRECT_OBJC_ISA_USAGE = YES_ERROR;
				CLANG_WARN_DOCUMENTATION_COMMENTS = YES;
				CLANG_WARN_EMPTY_BODY = YES;
				CLANG_WARN_ENUM_CONVERSION = YES;
				CLANG_WARN_INFINITE_RECURSION = YES;
				CLANG_WARN_INT_CONVERSION = YES;
				CLANG_WARN_NON_LITERAL_NULL_CONVERSION = YES;
				CLANG_WARN_OBJC_IMPLICIT_RETAIN_SELF = YES;
				CLANG_WARN_OBJC_LITERAL_CONVERSION = YES;
				CLANG_WARN_OBJC_ROOT_CLASS = YES_ERROR;
				CLANG_WARN_RANGE_LOOP_ANALYSIS = YES;
				CLANG_WARN_STRICT_PROTOTYPES = YES;
				CLANG_WARN_SUSPICIOUS_MOVE = YES;
				CLANG_WARN_UNGUARDED_AVAILABILITY = YES_AGGRESSIVE;
				CLANG_WARN_UNREACHABLE_CODE = YES;
				CLANG_WARN__DUPLICATE_METHOD_MATCH = YES;
				CODE_SIGN_IDENTITY = "iPhone Developer";
				COPY_PHASE_STRIP = NO;
				DEBUG_INFORMATION_FORMAT = "dwarf-with-dsym";
				ENABLE_NS_ASSERTIONS = NO;
				ENABLE_STRICT_OBJC_MSGSEND = YES;
				GCC_C_LANGUAGE_STANDARD = gnu11;
				GCC_NO_COMMON_BLOCKS = YES;
				GCC_WARN_64_TO_32_BIT_CONVERSION = YES;
				GCC_WARN_ABOUT_RETURN_TYPE = YES_ERROR;
				GCC_WARN_UNDECLARED_SELECTOR = YES;
				GCC_WARN_UNINITIALIZED_AUTOS = YES_AGGRESSIVE;
				GCC_WARN_UNUSED_FUNCTION = YES;
				GCC_WARN_UNUSED_VARIABLE = YES;
				IPHONEOS_DEPLOYMENT_TARGET = 12.4;
				MTL_ENABLE_DEBUG_INFO = NO;
				MTL_FAST_MATH = YES;
				SDKROOT = iphoneos;
				SWIFT_COMPILATION_MODE = wholemodule;
				SWIFT_OPTIMIZATION_LEVEL = "-O";
				VALIDATE_PRODUCT = YES;
			};
			name = Release;
		};
		C12B49B122EDFEBD00B3B160 /* Debug */ = {
			isa = XCBuildConfiguration;
			buildSettings = {
				ASSETCATALOG_COMPILER_APPICON_NAME = AppIcon;
				CODE_SIGN_STYLE = Automatic;
				INFOPLIST_FILE = WeatherAppv2/Info.plist;
				LD_RUNPATH_SEARCH_PATHS = (
					"$(inherited)",
					"@executable_path/Frameworks",
				);
				PRODUCT_BUNDLE_IDENTIFIER = org.personal.WeatherAppv2;
				PRODUCT_NAME = "$(TARGET_NAME)";
				SWIFT_VERSION = 5.0;
				TARGETED_DEVICE_FAMILY = "1,2";
			};
			name = Debug;
		};
		C12B49B222EDFEBD00B3B160 /* Release */ = {
			isa = XCBuildConfiguration;
			buildSettings = {
				ASSETCATALOG_COMPILER_APPICON_NAME = AppIcon;
				CODE_SIGN_STYLE = Automatic;
				INFOPLIST_FILE = WeatherAppv2/Info.plist;
				LD_RUNPATH_SEARCH_PATHS = (
					"$(inherited)",
					"@executable_path/Frameworks",
				);
				PRODUCT_BUNDLE_IDENTIFIER = org.personal.WeatherAppv2;
				PRODUCT_NAME = "$(TARGET_NAME)";
				SWIFT_VERSION = 5.0;
				TARGETED_DEVICE_FAMILY = "1,2";
			};
			name = Release;
		};
		C12B49B422EDFEBD00B3B160 /* Debug */ = {
			isa = XCBuildConfiguration;
			buildSettings = {
				ALWAYS_EMBED_SWIFT_STANDARD_LIBRARIES = YES;
				BUNDLE_LOADER = "$(TEST_HOST)";
				CODE_SIGN_STYLE = Automatic;
				INFOPLIST_FILE = WeatherAppv2Tests/Info.plist;
				LD_RUNPATH_SEARCH_PATHS = (
					"$(inherited)",
					"@executable_path/Frameworks",
					"@loader_path/Frameworks",
				);
				PRODUCT_BUNDLE_IDENTIFIER = org.personal.WeatherAppv2Tests;
				PRODUCT_NAME = "$(TARGET_NAME)";
				SWIFT_VERSION = 5.0;
				TARGETED_DEVICE_FAMILY = "1,2";
				TEST_HOST = "$(BUILT_PRODUCTS_DIR)/WeatherAppv2.app/WeatherAppv2";
			};
			name = Debug;
		};
		C12B49B522EDFEBD00B3B160 /* Release */ = {
			isa = XCBuildConfiguration;
			buildSettings = {
				ALWAYS_EMBED_SWIFT_STANDARD_LIBRARIES = YES;
				BUNDLE_LOADER = "$(TEST_HOST)";
				CODE_SIGN_STYLE = Automatic;
				INFOPLIST_FILE = WeatherAppv2Tests/Info.plist;
				LD_RUNPATH_SEARCH_PATHS = (
					"$(inherited)",
					"@executable_path/Frameworks",
					"@loader_path/Frameworks",
				);
				PRODUCT_BUNDLE_IDENTIFIER = org.personal.WeatherAppv2Tests;
				PRODUCT_NAME = "$(TARGET_NAME)";
				SWIFT_VERSION = 5.0;
				TARGETED_DEVICE_FAMILY = "1,2";
				TEST_HOST = "$(BUILT_PRODUCTS_DIR)/WeatherAppv2.app/WeatherAppv2";
			};
			name = Release;
		};
		C12B49B722EDFEBD00B3B160 /* Debug */ = {
			isa = XCBuildConfiguration;
			buildSettings = {
				ALWAYS_EMBED_SWIFT_STANDARD_LIBRARIES = YES;
				CODE_SIGN_STYLE = Automatic;
				INFOPLIST_FILE = WeatherAppv2UITests/Info.plist;
				LD_RUNPATH_SEARCH_PATHS = (
					"$(inherited)",
					"@executable_path/Frameworks",
					"@loader_path/Frameworks",
				);
				PRODUCT_BUNDLE_IDENTIFIER = org.personal.WeatherAppv2UITests;
				PRODUCT_NAME = "$(TARGET_NAME)";
				SWIFT_VERSION = 5.0;
				TARGETED_DEVICE_FAMILY = "1,2";
				TEST_TARGET_NAME = WeatherAppv2;
			};
			name = Debug;
		};
		C12B49B822EDFEBD00B3B160 /* Release */ = {
			isa = XCBuildConfiguration;
			buildSettings = {
				ALWAYS_EMBED_SWIFT_STANDARD_LIBRARIES = YES;
				CODE_SIGN_STYLE = Automatic;
				INFOPLIST_FILE = WeatherAppv2UITests/Info.plist;
				LD_RUNPATH_SEARCH_PATHS = (
					"$(inherited)",
					"@executable_path/Frameworks",
					"@loader_path/Frameworks",
				);
				PRODUCT_BUNDLE_IDENTIFIER = org.personal.WeatherAppv2UITests;
				PRODUCT_NAME = "$(TARGET_NAME)";
				SWIFT_VERSION = 5.0;
				TARGETED_DEVICE_FAMILY = "1,2";
				TEST_TARGET_NAME = WeatherAppv2;
			};
			name = Release;
		};
/* End XCBuildConfiguration section */

/* Begin XCConfigurationList section */
		C12B498322EDFEBB00B3B160 /* Build configuration list for PBXProject "WeatherAppv2" */ = {
			isa = XCConfigurationList;
			buildConfigurations = (
				C12B49AE22EDFEBD00B3B160 /* Debug */,
				C12B49AF22EDFEBD00B3B160 /* Release */,
			);
			defaultConfigurationIsVisible = 0;
			defaultConfigurationName = Release;
		};
		C12B49B022EDFEBD00B3B160 /* Build configuration list for PBXNativeTarget "WeatherAppv2" */ = {
			isa = XCConfigurationList;
			buildConfigurations = (
				C12B49B122EDFEBD00B3B160 /* Debug */,
				C12B49B222EDFEBD00B3B160 /* Release */,
			);
			defaultConfigurationIsVisible = 0;
			defaultConfigurationName = Release;
		};
		C12B49B322EDFEBD00B3B160 /* Build configuration list for PBXNativeTarget "WeatherAppv2Tests" */ = {
			isa = XCConfigurationList;
			buildConfigurations = (
				C12B49B422EDFEBD00B3B160 /* Debug */,
				C12B49B522EDFEBD00B3B160 /* Release */,
			);
			defaultConfigurationIsVisible = 0;
			defaultConfigurationName = Release;
		};
		C12B49B622EDFEBD00B3B160 /* Build configuration list for PBXNativeTarget "WeatherAppv2UITests" */ = {
			isa = XCConfigurationList;
			buildConfigurations = (
				C12B49B722EDFEBD00B3B160 /* Debug */,
				C12B49B822EDFEBD00B3B160 /* Release */,
			);
			defaultConfigurationIsVisible = 0;
			defaultConfigurationName = Release;
		};
/* End XCConfigurationList section */
	};
	rootObject = C12B498022EDFEBB00B3B160 /* Project object */;
}
